// !$*UTF8*$!
{
	archiveVersion = 1;
	classes = {
	};
	objectVersion = 46;
	objects = {

/* Begin PBXBuildFile section */
		DC75ABC31E16DCE700CA56D7 /* AppDelegate.swift in Sources */ = {isa = PBXBuildFile; fileRef = DC75ABC21E16DCE700CA56D7 /* AppDelegate.swift */; };
		DC75ABC51E16DCE700CA56D7 /* ViewController.swift in Sources */ = {isa = PBXBuildFile; fileRef = DC75ABC41E16DCE700CA56D7 /* ViewController.swift */; };
		DC75ABC81E16DCE700CA56D7 /* Main.storyboard in Resources */ = {isa = PBXBuildFile; fileRef = DC75ABC61E16DCE700CA56D7 /* Main.storyboard */; };
		DC75ABCA1E16DCE700CA56D7 /* Assets.xcassets in Resources */ = {isa = PBXBuildFile; fileRef = DC75ABC91E16DCE700CA56D7 /* Assets.xcassets */; };
		DC75ABCD1E16DCE700CA56D7 /* LaunchScreen.storyboard in Resources */ = {isa = PBXBuildFile; fileRef = DC75ABCB1E16DCE700CA56D7 /* LaunchScreen.storyboard */; };
/* End PBXBuildFile section */

/* Begin PBXFileReference section */
		DC75ABBF1E16DCE700CA56D7 /* SO-41291054.app */ = {isa = PBXFileReference; explicitFileType = wrapper.application; includeInIndex = 0; path = "SO-41291054.app"; sourceTree = BUILT_PRODUCTS_DIR; };
		DC75ABC21E16DCE700CA56D7 /* AppDelegate.swift */ = {isa = PBXFileReference; lastKnownFileType = sourcecode.swift; lineEnding = 0; path = AppDelegate.swift; sourceTree = "<group>"; xcLanguageSpecificationIdentifier = xcode.lang.swift; };
		DC75ABC41E16DCE700CA56D7 /* ViewController.swift */ = {isa = PBXFileReference; lastKnownFileType = sourcecode.swift; lineEnding = 0; path = ViewController.swift; sourceTree = "<group>"; xcLanguageSpecificationIdentifier = xcode.lang.swift; };
		DC75ABC71E16DCE700CA56D7 /* Base */ = {isa = PBXFileReference; lastKnownFileType = file.storyboard; name = Base; path = Base.lproj/Main.storyboard; sourceTree = "<group>"; };
		DC75ABC91E16DCE700CA56D7 /* Assets.xcassets */ = {isa = PBXFileReference; lastKnownFileType = folder.assetcatalog; path = Assets.xcassets; sourceTree = "<group>"; };
		DC75ABCC1E16DCE700CA56D7 /* Base */ = {isa = PBXFileReference; lastKnownFileType = file.storyboard; name = Base; path = Base.lproj/LaunchScreen.storyboard; sourceTree = "<group>"; };
		DC75ABCE1E16DCE700CA56D7 /* Info.plist */ = {isa = PBXFileReference; lastKnownFileType = text.plist.xml; path = Info.plist; sourceTree = "<group>"; };
/* End PBXFileReference section */

/* Begin PBXFrameworksBuildPhase section */
		DC75ABBC1E16DCE700CA56D7 /* Frameworks */ = {
			isa = PBXFrameworksBuildPhase;
			buildActionMask = 2147483647;
			files = (
			);
			runOnlyForDeploymentPostprocessing = 0;
		};
/* End PBXFrameworksBuildPhase section */

/* Begin PBXGroup section */
		DC75ABB61E16DCE700CA56D7 = {
			isa = PBXGroup;
			children = (
				DC75ABC11E16DCE700CA56D7 /* SO-41291054 */,
				DC75ABC01E16DCE700CA56D7 /* Products */,
			);
			sourceTree = "<group>";
		};
		DC75ABC01E16DCE700CA56D7 /* Products */ = {
			isa = PBXGroup;
			children = (
				DC75ABBF1E16DCE700CA56D7 /* SO-41291054.app */,
			);
			name = Products;
			sourceTree = "<group>";
		};
		DC75ABC11E16DCE700CA56D7 /* SO-41291054 */ = {
			isa = PBXGroup;
			children = (
				DC75ABC21E16DCE700CA56D7 /* AppDelegate.swift */,
				DC75ABC41E16DCE700CA56D7 /* ViewController.swift */,
				DC75ABC61E16DCE700CA56D7 /* Main.storyboard */,
				DC75ABC91E16DCE700CA56D7 /* Assets.xcassets */,
				DC75ABCB1E16DCE700CA56D7 /* LaunchScreen.storyboard */,
				DC75ABCE1E16DCE700CA56D7 /* Info.plist */,
			);
			path = "SO-41291054";
			sourceTree = "<group>";
		};
/* End PBXGroup section */

/* Begin PBXNativeTarget section */
		DC75ABBE1E16DCE700CA56D7 /* SO-41291054 */ = {
			isa = PBXNativeTarget;
			buildConfigurationList = DC75ABD11E16DCE700CA56D7 /* Build configuration list for PBXNativeTarget "SO-41291054" */;
			buildPhases = (
				DC75ABBB1E16DCE700CA56D7 /* Sources */,
				DC75ABBC1E16DCE700CA56D7 /* Frameworks */,
				DC75ABBD1E16DCE700CA56D7 /* Resources */,
			);
			buildRules = (
			);
			dependencies = (
			);
			name = "SO-41291054";
			productName = "SO-41291054";
			productReference = DC75ABBF1E16DCE700CA56D7 /* SO-41291054.app */;
			productType = "com.apple.product-type.application";
		};
/* End PBXNativeTarget section */

/* Begin PBXProject section */
		DC75ABB71E16DCE700CA56D7 /* Project object */ = {
			isa = PBXProject;
			attributes = {
				LastSwiftUpdateCheck = 0820;
				LastUpgradeCheck = 0820;
				ORGANIZATIONNAME = SwiftArchitect;
				TargetAttributes = {
					DC75ABBE1E16DCE700CA56D7 = {
						CreatedOnToolsVersion = 8.2.1;
						ProvisioningStyle = Automatic;
					};
				};
			};
			buildConfigurationList = DC75ABBA1E16DCE700CA56D7 /* Build configuration list for PBXProject "SO-41291054" */;
			compatibilityVersion = "Xcode 3.2";
			developmentRegion = English;
			hasScannedForEncodings = 0;
			knownRegions = (
				en,
				Base,
			);
			mainGroup = DC75ABB61E16DCE700CA56D7;
			productRefGroup = DC75ABC01E16DCE700CA56D7 /* Products */;
			projectDirPath = "";
			projectRoot = "";
			targets = (
				DC75ABBE1E16DCE700CA56D7 /* SO-41291054 */,
			);
		};
/* End PBXProject section */

/* Begin PBXResourcesBuildPhase section */
		DC75ABBD1E16DCE700CA56D7 /* Resources */ = {
			isa = PBXResourcesBuildPhase;
			buildActionMask = 2147483647;
			files = (
				DC75ABCD1E16DCE700CA56D7 /* LaunchScreen.storyboard in Resources */,
				DC75ABCA1E16DCE700CA56D7 /* Assets.xcassets in Resources */,
				DC75ABC81E16DCE700CA56D7 /* Main.storyboard in Resources */,
			);
			runOnlyForDeploymentPostprocessing = 0;
		};
/* End PBXResourcesBuildPhase section */

/* Begin PBXSourcesBuildPhase section */
		DC75ABBB1E16DCE700CA56D7 /* Sources */ = {
			isa = PBXSourcesBuildPhase;
			buildActionMask = 2147483647;
			files = (
				DC75ABC51E16DCE700CA56D7 /* ViewController.swift in Sources */,
				DC75ABC31E16DCE700CA56D7 /* AppDelegate.swift in Sources */,
			);
			runOnlyForDeploymentPostprocessing = 0;
		};
/* End PBXSourcesBuildPhase section */

/* Begin PBXVariantGroup section */
		DC75ABC61E16DCE700CA56D7 /* Main.storyboard */ = {
			isa = PBXVariantGroup;
			children = (
				DC75ABC71E16DCE700CA56D7 /* Base */,
			);
			name = Main.storyboard;
			sourceTree = "<group>";
		};
		DC75ABCB1E16DCE700CA56D7 /* LaunchScreen.storyboard */ = {
			isa = PBXVariantGroup;
			children = (
				DC75ABCC1E16DCE700CA56D7 /* Base */,
			);
			name = LaunchScreen.storyboard;
			sourceTree = "<group>";
		};
/* End PBXVariantGroup section */

/* Begin XCBuildConfiguration section */
		DC75ABCF1E16DCE700CA56D7 /* Debug */ = {
			isa = XCBuildConfiguration;
			buildSettings = {
				ALWAYS_SEARCH_USER_PATHS = NO;
				CLANG_ANALYZER_NONNULL = YES;
				CLANG_CXX_LANGUAGE_STANDARD = "gnu++0x";
				CLANG_CXX_LIBRARY = "libc++";
				CLANG_ENABLE_MODULES = YES;
				CLANG_ENABLE_OBJC_ARC = YES;
				CLANG_WARN_BOOL_CONVERSION = YES;
				CLANG_WARN_CONSTANT_CONVERSION = YES;
				CLANG_WARN_DIRECT_OBJC_ISA_USAGE = YES_ERROR;
				CLANG_WARN_DOCUMENTATION_COMMENTS = YES;
				CLANG_WARN_EMPTY_BODY = YES;
				CLANG_WARN_ENUM_CONVERSION = YES;
				CLANG_WARN_INFINITE_RECURSION = YES;
				CLANG_WARN_INT_CONVERSION = YES;
				CLANG_WARN_OBJC_ROOT_CLASS = YES_ERROR;
				CLANG_WARN_SUSPICIOUS_MOVE = YES;
				CLANG_WARN_UNREACHABLE_CODE = YES;
				CLANG_WARN__DUPLICATE_METHOD_MATCH = YES;
				"CODE_SIGN_IDENTITY[sdk=iphoneos*]" = "iPhone Developer";
				COPY_PHASE_STRIP = NO;
				DEBUG_INFORMATION_FORMAT = dwarf;
				ENABLE_STRICT_OBJC_MSGSEND = YES;
				ENABLE_TESTABILITY = YES;
				GCC_C_LANGUAGE_STANDARD = gnu99;
				GCC_DYNAMIC_NO_PIC = NO;
				GCC_NO_COMMON_BLOCKS = YES;
				GCC_OPTIMIZATION_LEVEL = 0;
				GCC_PREPROCESSOR_DEFINITIONS = (
					"DEBUG=1",
					"$(inherited)",
				);
				GCC_WARN_64_TO_32_BIT_CONVERSION = YES;
				GCC_WARN_ABOUT_RETURN_TYPE = YES_ERROR;
				GCC_WARN_UNDECLARED_SELECTOR = YES;
				GCC_WARN_UNINITIALIZED_AUTOS = YES_AGGRESSIVE;
				GCC_WARN_UNUSED_FUNCTION = YES;
				GCC_WARN_UNUSED_VARIABLE = YES;
				IPHONEOS_DEPLOYMENT_TARGET = 8.0;
				MTL_ENABLE_DEBUG_INFO = YES;
				ONLY_ACTIVE_ARCH = YES;
				SDKROOT = iphoneos;
				SWIFT_ACTIVE_COMPILATION_CONDITIONS = DEBUG;
				SWIFT_OPTIMIZATION_LEVEL = "-Onone";
				TARGETED_DEVICE_FAMILY = "1,2";
			};
			name = Debug;
		};
		DC75ABD01E16DCE700CA56D7 /* Release */ = {
			isa = XCBuildConfiguration;
			buildSettings = {
				ALWAYS_SEARCH_USER_PATHS = NO;
				CLANG_ANALYZER_NONNULL = YES;
				CLANG_CXX_LANGUAGE_STANDARD = "gnu++0x";
				CLANG_CXX_LIBRARY = "libc++";
				CLANG_ENABLE_MODULES = YES;
				CLANG_ENABLE_OBJC_ARC = YES;
				CLANG_WARN_BOOL_CONVERSION = YES;
				CLANG_WARN_CONSTANT_CONVERSION = YES;
				CLANG_WARN_DIRECT_OBJC_ISA_USAGE = YES_ERROR;
				CLANG_WARN_DOCUMENTATION_COMMENTS = YES;
				CLANG_WARN_EMPTY_BODY = YES;
				CLANG_WARN_ENUM_CONVERSION = YES;
				CLANG_WARN_INFINITE_RECURSION = YES;
				CLANG_WARN_INT_CONVERSION = YES;
				CLANG_WARN_OBJC_ROOT_CLASS = YES_ERROR;
				CLANG_WARN_SUSPICIOUS_MOVE = YES;
				CLANG_WARN_UNREACHABLE_CODE = YES;
				CLANG_WARN__DUPLICATE_METHOD_MATCH = YES;
				"CODE_SIGN_IDENTITY[sdk=iphoneos*]" = "iPhone Developer";
				COPY_PHASE_STRIP = NO;
				DEBUG_INFORMATION_FORMAT = "dwarf-with-dsym";
				ENABLE_NS_ASSERTIONS = NO;
				ENABLE_STRICT_OBJC_MSGSEND = YES;
				GCC_C_LANGUAGE_STANDARD = gnu99;
				GCC_NO_COMMON_BLOCKS = YES;
				GCC_WARN_64_TO_32_BIT_CONVERSION = YES;
				GCC_WARN_ABOUT_RETURN_TYPE = YES_ERROR;
				GCC_WARN_UNDECLARED_SELECTOR = YES;
				GCC_WARN_UNINITIALIZED_AUTOS = YES_AGGRESSIVE;
				GCC_WARN_UNUSED_FUNCTION = YES;
				GCC_WARN_UNUSED_VARIABLE = YES;
				IPHONEOS_DEPLOYMENT_TARGET = 8.0;
				MTL_ENABLE_DEBUG_INFO = NO;
				SDKROOT = iphoneos;
				SWIFT_OPTIMIZATION_LEVEL = "-Owholemodule";
				TARGETED_DEVICE_FAMILY = "1,2";
				VALIDATE_PRODUCT = YES;
			};
			name = Release;
		};
		DC75ABD21E16DCE700CA56D7 /* Debug */ = {
			isa = XCBuildConfiguration;
			buildSettings = {
				ASSETCATALOG_COMPILER_APPICON_NAME = AppIcon;
				INFOPLIST_FILE = "SO-41291054/Info.plist";
				LD_RUNPATH_SEARCH_PATHS = "$(inherited) @executable_path/Frameworks";
				PRODUCT_BUNDLE_IDENTIFIER = "com.swiftarchitect.SO-41291054";
				PRODUCT_NAME = "$(TARGET_NAME)";
				SWIFT_VERSION = 3.0;
			};
			name = Debug;
		};
		DC75ABD31E16DCE700CA56D7 /* Release */ = {
			isa = XCBuildConfiguration;
			buildSettings = {
				ASSETCATALOG_COMPILER_APPICON_NAME = AppIcon;
				INFOPLIST_FILE = "SO-41291054/Info.plist";
				LD_RUNPATH_SEARCH_PATHS = "$(inherited) @executable_path/Frameworks";
				PRODUCT_BUNDLE_IDENTIFIER = "com.swiftarchitect.SO-41291054";
				PRODUCT_NAME = "$(TARGET_NAME)";
				SWIFT_VERSION = 3.0;
			};
			name = Release;
		};
/* End XCBuildConfiguration section */

/* Begin XCConfigurationList section */
		DC75ABBA1E16DCE700CA56D7 /* Build configuration list for PBXProject "SO-41291054" */ = {
			isa = XCConfigurationList;
			buildConfigurations = (
				DC75ABCF1E16DCE700CA56D7 /* Debug */,
				DC75ABD01E16DCE700CA56D7 /* Release */,
			);
			defaultConfigurationIsVisible = 0;
			defaultConfigurationName = Release;
		};
		DC75ABD11E16DCE700CA56D7 /* Build configuration list for PBXNativeTarget "SO-41291054" */ = {
			isa = XCConfigurationList;
			buildConfigurations = (
				DC75ABD21E16DCE700CA56D7 /* Debug */,
				DC75ABD31E16DCE700CA56D7 /* Release */,
			);
			defaultConfigurationIsVisible = 0;
			defaultConfigurationName = Release;
		};
/* End XCConfigurationList section */
	};
	rootObject = DC75ABB71E16DCE700CA56D7 /* Project object */;
}
